{
  "name": "prototype",
  "version": "0.0.1",
  "lockfileVersion": 1,
  "dependencies": {
    "ajv": {
      "version": "https://registry.npmjs.org/ajv/-/ajv-4.11.8.tgz",
      "integrity": "sha1-gv+wKynmYq5TvcIK8VlHcGc5xTY="
    },
    "asn1": {
      "version": "https://registry.npmjs.org/asn1/-/asn1-0.2.3.tgz",
      "integrity": "sha1-2sh4dxPJlmhJ/IGAd36+nB3fO4Y="
    },
    "assert-plus": {
      "version": "https://registry.npmjs.org/assert-plus/-/assert-plus-0.2.0.tgz",
      "integrity": "sha1-104bh+ev/A24qttwIfP+SBAasjQ="
    },
    "async": {
      "version": "https://registry.npmjs.org/async/-/async-2.4.1.tgz",
      "integrity": "sha1-YqVrJ5yYoR0JhwlqAcw+6463u9c="
    },
    "asynckit": {
      "version": "https://registry.npmjs.org/asynckit/-/asynckit-0.4.0.tgz",
      "integrity": "sha1-x57Zf380y48robyXkLzDZkdLS3k="
    },
    "aws-sdk": {
      "version": "2.72.0",
      "resolved": "https://registry.npmjs.org/aws-sdk/-/aws-sdk-2.72.0.tgz",
      "integrity": "sha1-WQIcFONU80pPtPIprBD442Qo9NQ="
    },
    "aws-sign2": {
      "version": "https://registry.npmjs.org/aws-sign2/-/aws-sign2-0.6.0.tgz",
      "integrity": "sha1-FDQt0428yU0OW4fXY81jYSwOeU8="
    },
    "aws4": {
      "version": "https://registry.npmjs.org/aws4/-/aws4-1.6.0.tgz",
      "integrity": "sha1-g+9cqGCysy5KDe7e6MdxudtXRx4="
    },
    "base64-js": {
      "version": "https://registry.npmjs.org/base64-js/-/base64-js-1.2.0.tgz",
      "integrity": "sha1-o5mS1yNYSBGYK+XikLtqU9hnAPE="
    },
    "bcrypt-pbkdf": {
      "version": "https://registry.npmjs.org/bcrypt-pbkdf/-/bcrypt-pbkdf-1.0.1.tgz",
      "integrity": "sha1-Y7xdy2EzG5K8Bf1SiVPDNGKgb40=",
      "optional": true
    },
    "bignumber.js": {
      "version": "https://registry.npmjs.org/bignumber.js/-/bignumber.js-1.1.1.tgz",
      "integrity": "sha1-GkFdmsAUwTJWrx/u2dGj5XF6jPc="
    },
    "bindings": {
      "version": "https://registry.npmjs.org/bindings/-/bindings-1.2.1.tgz",
      "integrity": "sha1-FK1hE4EtLTfXLme0ystLtyZQXxE="
    },
    "bluebird": {
      "version": "https://registry.npmjs.org/bluebird/-/bluebird-3.5.0.tgz",
      "integrity": "sha1-eRQg1/VR7qKJdFOop3ZT+WYG1nw="
    },
    "boom": {
      "version": "https://registry.npmjs.org/boom/-/boom-2.10.1.tgz",
      "integrity": "sha1-OciRjO/1eZ+D+UkqhI9iWt0Mdm8="
    },
    "buffer": {
      "version": "https://registry.npmjs.org/buffer/-/buffer-5.0.6.tgz",
      "integrity": "sha1-LqZp9+7Atu2gWwj4tf9mGyhXNYg="
    },
    "buffer-from": {
      "version": "https://registry.npmjs.org/buffer-from/-/buffer-from-0.1.1.tgz",
      "integrity": "sha1-V7GLHaChnsBvM4N6UnWiQjUb114="
    },
    "buffer-shims": {
      "version": "https://registry.npmjs.org/buffer-shims/-/buffer-shims-1.0.0.tgz",
      "integrity": "sha1-mXjOMXOIxkmth5MCjDR37wRKi1E="
    },
    "caseless": {
      "version": "https://registry.npmjs.org/caseless/-/caseless-0.12.0.tgz",
      "integrity": "sha1-G2gcIf+EAzyCZUMJBolCDRhxUdw="
    },
    "co": {
      "version": "https://registry.npmjs.org/co/-/co-4.6.0.tgz",
      "integrity": "sha1-bqa989hTrlTMuOR7+gvz+QMfsYQ="
    },
    "combined-stream": {
      "version": "https://registry.npmjs.org/combined-stream/-/combined-stream-1.0.5.tgz",
      "integrity": "sha1-k4NwpXtKUd6ix3wV1cX9+JUWQAk="
    },
    "cookie": {
      "version": "https://registry.npmjs.org/cookie/-/cookie-0.3.1.tgz",
      "integrity": "sha1-5+Ch+e9DtMi6klxcWpboBtFoc7s="
    },
    "core-util-is": {
      "version": "https://registry.npmjs.org/core-util-is/-/core-util-is-1.0.2.tgz",
      "integrity": "sha1-tf1UIgqivFq1eqtxQMlAdUUDwac="
    },
    "cryptiles": {
      "version": "https://registry.npmjs.org/cryptiles/-/cryptiles-2.0.5.tgz",
      "integrity": "sha1-O9/s3GCBR8HGcgL6KR59ylnqo7g="
    },
    "crypto-browserify": {
      "version": "https://registry.npmjs.org/crypto-browserify/-/crypto-browserify-1.0.9.tgz",
      "integrity": "sha1-zFRJaF37hesRyYKKzHy4erW7/MA="
    },
    "csv-stringify": {
      "version": "https://registry.npmjs.org/csv-stringify/-/csv-stringify-1.0.4.tgz",
      "integrity": "sha1-vBi6ua1M7zGV/SV5gLWLR5xC0+U="
    },
    "dashdash": {
      "version": "https://registry.npmjs.org/dashdash/-/dashdash-1.14.1.tgz",
      "integrity": "sha1-hTz6D3y+L+1d4gMmuN1YEDX24vA=",
      "dependencies": {
        "assert-plus": {
          "version": "https://registry.npmjs.org/assert-plus/-/assert-plus-1.0.0.tgz",
          "integrity": "sha1-8S4PPF13sLHN2RRpQuTpbB5N1SU="
        }
      }
    },
    "debug": {
      "version": "https://registry.npmjs.org/debug/-/debug-2.2.0.tgz",
      "integrity": "sha1-+HBX6ZWxofauaklgZkE3vFbwOdo="
    },
    "delayed-stream": {
      "version": "https://registry.npmjs.org/delayed-stream/-/delayed-stream-1.0.0.tgz",
      "integrity": "sha1-3zrhmayt+31ECqrgsp4icrJOxhk="
    },
    "dotenv": {
      "version": "https://registry.npmjs.org/dotenv/-/dotenv-4.0.0.tgz",
      "integrity": "sha1-hk7xN5rO1Vzm+V3r7NzhefegzR0="
    },
    "duplexer": {
      "version": "https://registry.npmjs.org/duplexer/-/duplexer-0.1.1.tgz",
      "integrity": "sha1-rOb/gIwc5mtX0ev5eXessCM0z8E="
    },
    "ecc-jsbn": {
      "version": "https://registry.npmjs.org/ecc-jsbn/-/ecc-jsbn-0.1.1.tgz",
      "integrity": "sha1-D8c6ntXw1Tw4GTOYUj735UN3dQU=",
      "optional": true
    },
    "eventemitter3": {
      "version": "https://registry.npmjs.org/eventemitter3/-/eventemitter3-2.0.2.tgz",
      "integrity": "sha1-IM5IkZCc6fNbCIyU+rQOLJb0c6w="
    },
    "extend": {
      "version": "https://registry.npmjs.org/extend/-/extend-3.0.0.tgz",
      "integrity": "sha1-WkdDU7nzNT3dgXbf03uRyDpG8dQ="
    },
    "extsprintf": {
      "version": "https://registry.npmjs.org/extsprintf/-/extsprintf-1.0.2.tgz",
      "integrity": "sha1-4QgOBljjALBilJkMxw4VAiNf1VA="
    },
    "for-in": {
      "version": "https://registry.npmjs.org/for-in/-/for-in-1.0.2.tgz",
      "integrity": "sha1-gQaNKVqBQuwKxybG4iAMMPttXoA="
    },
    "for-own": {
      "version": "https://registry.npmjs.org/for-own/-/for-own-0.1.5.tgz",
      "integrity": "sha1-UmXGgaTylNq78XyVCbZ2OqhFEM4="
    },
    "forever-agent": {
      "version": "https://registry.npmjs.org/forever-agent/-/forever-agent-0.6.1.tgz",
      "integrity": "sha1-+8cfDEGt6zf5bFd60e1C2P2sypE="
    },
    "form-data": {
      "version": "https://registry.npmjs.org/form-data/-/form-data-2.1.4.tgz",
      "integrity": "sha1-M8GDrPGTJ27KqYFDpp6Uv+4XUNE="
    },
    "getpass": {
      "version": "https://registry.npmjs.org/getpass/-/getpass-0.1.7.tgz",
      "integrity": "sha1-Xv+OPmhNVprkyysSgmBOi6YhSfo=",
      "dependencies": {
        "assert-plus": {
          "version": "https://registry.npmjs.org/assert-plus/-/assert-plus-1.0.0.tgz",
          "integrity": "sha1-8S4PPF13sLHN2RRpQuTpbB5N1SU="
        }
      }
    },
    "har-schema": {
      "version": "https://registry.npmjs.org/har-schema/-/har-schema-1.0.5.tgz",
      "integrity": "sha1-0mMTX0MwfALGAq/I/pWXDAFRNp4="
    },
    "har-validator": {
      "version": "https://registry.npmjs.org/har-validator/-/har-validator-4.2.1.tgz",
      "integrity": "sha1-M0gdDxu/9gDdID11gSpqX7oALio="
    },
    "has-symbol-support-x": {
      "version": "https://registry.npmjs.org/has-symbol-support-x/-/has-symbol-support-x-1.2.0.tgz",
      "integrity": "sha1-5iTq1RkMNbNOTimTRN/2Q32wLOI="
    },
    "has-to-string-tag-x": {
      "version": "https://registry.npmjs.org/has-to-string-tag-x/-/has-to-string-tag-x-1.2.0.tgz",
      "integrity": "sha1-xTbcTbvr4b6dKPYk/TIPeTEp/VM="
    },
    "hawk": {
      "version": "https://registry.npmjs.org/hawk/-/hawk-3.1.3.tgz",
      "integrity": "sha1-B4REvXwWQLD+VA0sm3PVlnjo4cQ="
    },
    "hnp": {
      "version": "https://registry.npmjs.org/hnp/-/hnp-0.0.1.tgz",
      "integrity": "sha1-2RSJpd/N9BznQVhCmKcwZldqkoY="
    },
    "hoek": {
      "version": "https://registry.npmjs.org/hoek/-/hoek-2.16.3.tgz",
      "integrity": "sha1-ILt0A9POo5jpHcRxCo/xuCdKJe0="
    },
    "http-signature": {
      "version": "https://registry.npmjs.org/http-signature/-/http-signature-1.1.1.tgz",
      "integrity": "sha1-33LiZwZs0Kxn+3at+OE0qPvPkb8="
    },
    "httperror": {
      "version": "https://registry.npmjs.org/httperror/-/httperror-0.2.3.tgz",
      "integrity": "sha1-yW4NZsvPbg4Z2A5HJ6laCddf4Lg="
    },
    "ieee754": {
      "version": "https://registry.npmjs.org/ieee754/-/ieee754-1.1.8.tgz",
      "integrity": "sha1-vjPUCsEO8ZJnAfbwii2G+/0a0+Q="
    },
    "inherits": {
      "version": "https://registry.npmjs.org/inherits/-/inherits-2.0.3.tgz",
      "integrity": "sha1-Yzwsg+PaQqUC9SRmAiSA9CCCYd4="
    },
    "is-array-buffer-x": {
      "version": "https://registry.npmjs.org/is-array-buffer-x/-/is-array-buffer-x-1.2.1.tgz",
      "integrity": "sha1-V5GAaIthKzaRcA1smrM11v1GlVw="
    },
    "is-extendable": {
      "version": "https://registry.npmjs.org/is-extendable/-/is-extendable-0.1.1.tgz",
      "integrity": "sha1-YrEQ4omkcUGOPsNqYX1HLjAd/Ik="
    },
    "is-function-x": {
      "version": "https://registry.npmjs.org/is-function-x/-/is-function-x-1.2.0.tgz",
      "integrity": "sha1-HIOYmfB70j38aV5PBlUQe+hSdi0="
    },
    "is-object-like-x": {
      "version": "https://registry.npmjs.org/is-object-like-x/-/is-object-like-x-1.2.0.tgz",
      "integrity": "sha1-tZKdjxKrktrunS91S4MYRLzAjCE="
    },
    "is-primitive": {
      "version": "https://registry.npmjs.org/is-primitive/-/is-primitive-2.0.0.tgz",
      "integrity": "sha1-IHurkWOEmcB7Kt8kCkGochADRXU="
    },
    "is-typedarray": {
      "version": "https://registry.npmjs.org/is-typedarray/-/is-typedarray-1.0.0.tgz",
      "integrity": "sha1-5HnICFjfDBsR3dppQPlgEfzaSpo="
    },
    "isarray": {
      "version": "https://registry.npmjs.org/isarray/-/isarray-1.0.0.tgz",
      "integrity": "sha1-u5NdSFgsuhaMBoNJV6VKPgcSTxE="
    },
    "isobject": {
      "version": "https://registry.npmjs.org/isobject/-/isobject-2.1.0.tgz",
      "integrity": "sha1-8GVWEJaj8dou9GJy+BXIQNh+DIk="
    },
    "isstream": {
      "version": "https://registry.npmjs.org/isstream/-/isstream-0.1.2.tgz",
      "integrity": "sha1-R+Y/evVa+m+S4VAOaQ64uFKcCZo="
    },
    "jmespath": {
      "version": "https://registry.npmjs.org/jmespath/-/jmespath-0.15.0.tgz",
      "integrity": "sha1-o/Iiqarp+Wb10nx5ZRDigJF2Qhc="
    },
    "jodid25519": {
      "version": "https://registry.npmjs.org/jodid25519/-/jodid25519-1.0.2.tgz",
      "integrity": "sha1-BtSRIlUJNBlHfUJWM2BuDpB4KWc=",
      "optional": true
    },
    "jsbn": {
      "version": "https://registry.npmjs.org/jsbn/-/jsbn-0.1.1.tgz",
      "integrity": "sha1-peZUwuWi3rXyAdls77yoDA7y9RM=",
      "optional": true
    },
    "json-bigint": {
      "version": "https://registry.npmjs.org/json-bigint/-/json-bigint-0.1.4.tgz",
      "integrity": "sha1-tdQLipAJ6S8Vf3wHnbCXABgw4B4="
    },
    "json-schema": {
      "version": "https://registry.npmjs.org/json-schema/-/json-schema-0.2.3.tgz",
      "integrity": "sha1-tIDIkuWaLwWVTOcnvT8qTogvnhM="
    },
    "json-stable-stringify": {
      "version": "https://registry.npmjs.org/json-stable-stringify/-/json-stable-stringify-1.0.1.tgz",
      "integrity": "sha1-mnWdOcXy/1A/1TAGRu1EX4jE+a8="
    },
    "json-stringify-safe": {
      "version": "https://registry.npmjs.org/json-stringify-safe/-/json-stringify-safe-5.0.1.tgz",
      "integrity": "sha1-Epai1Y/UXxmg9s4B1lcB4sc1tus="
    },
    "jsonify": {
      "version": "https://registry.npmjs.org/jsonify/-/jsonify-0.0.0.tgz",
      "integrity": "sha1-LHS27kHZPKUbe1qu6PUDYx0lKnM="
    },
    "jsonparse": {
      "version": "https://registry.npmjs.org/jsonparse/-/jsonparse-1.3.1.tgz",
      "integrity": "sha1-P02uSpH6wxX3EGL4UhzCOfE2YoA="
    },
    "JSONStream": {
      "version": "https://registry.npmjs.org/JSONStream/-/JSONStream-1.0.7.tgz",
      "integrity": "sha1-cAyORxH+8c5CH2UL6tVSNbsh194="
    },
    "jsprim": {
      "version": "https://registry.npmjs.org/jsprim/-/jsprim-1.4.0.tgz",
      "integrity": "sha1-o7h+QCmNjDgFUtjMdiigu5WiKRg=",
      "dependencies": {
        "assert-plus": {
          "version": "https://registry.npmjs.org/assert-plus/-/assert-plus-1.0.0.tgz",
          "integrity": "sha1-8S4PPF13sLHN2RRpQuTpbB5N1SU="
        }
      }
    },
    "lodash": {
      "version": "https://registry.npmjs.org/lodash/-/lodash-4.17.4.tgz",
      "integrity": "sha1-eCA6TRwyiuHYbcpkYONptX9AVa4="
    },
    "lodash.get": {
      "version": "https://registry.npmjs.org/lodash.get/-/lodash.get-4.4.2.tgz",
      "integrity": "sha1-LRd/ZS+jHpObRDjVNBSZ36OCXpk="
    },
    "lodash.isnull": {
      "version": "https://registry.npmjs.org/lodash.isnull/-/lodash.isnull-3.0.0.tgz",
      "integrity": "sha1-+vvlnqHcon7teGU0A53YTC4HxW4="
    },
    "mime-db": {
      "version": "https://registry.npmjs.org/mime-db/-/mime-db-1.26.0.tgz",
      "integrity": "sha1-6v/NDk/Gk1z4E02iRuLmw1MFrf8="
    },
    "mime-types": {
      "version": "https://registry.npmjs.org/mime-types/-/mime-types-2.1.14.tgz",
      "integrity": "sha1-9+99l1g/yvO30oK2+LVnnaselO4="
    },
    "moment": {
      "version": "https://registry.npmjs.org/moment/-/moment-2.18.1.tgz",
      "integrity": "sha1-w2GT3Tzhwu7SrbfIAtu8d6gbHA8="
    },
    "ms": {
      "version": "https://registry.npmjs.org/ms/-/ms-0.7.1.tgz",
      "integrity": "sha1-nNE8A62/8ltl7/3nzoZO6VIBcJg="
    },
    "nan": {
      "version": "https://registry.npmjs.org/nan/-/nan-2.5.1.tgz",
      "integrity": "sha1-1bAWkSUzJql6K77p5hxV2NYDUeI="
    },
    "node-lifx": {
      "version": "https://registry.npmjs.org/node-lifx/-/node-lifx-0.8.0.tgz",
      "integrity": "sha1-L5aZNWIQC5FV4uxJ3ey/wzyaPa4=",
      "dependencies": {
        "lodash": {
          "version": "https://registry.npmjs.org/lodash/-/lodash-4.17.4.tgz",
          "integrity": "sha1-eCA6TRwyiuHYbcpkYONptX9AVa4="
        }
      }
    },
    "node-record-lpcm16": {
      "version": "https://registry.npmjs.org/node-record-lpcm16/-/node-record-lpcm16-0.3.0.tgz",
      "integrity": "sha1-eX63DFCdtOmCoyFiFHp7rjTqrMo="
    },
    "numbered": {
      "version": "https://registry.npmjs.org/numbered/-/numbered-1.0.0.tgz",
      "integrity": "sha1-RaQPcoyIYBASRL0AjDyrbun6COw="
    },
    "oauth-sign": {
      "version": "https://registry.npmjs.org/oauth-sign/-/oauth-sign-0.8.2.tgz",
      "integrity": "sha1-Rqarfwrq2N6unsBWV4C31O/rnUM="
    },
    "object.omit": {
      "version": "https://registry.npmjs.org/object.omit/-/object.omit-2.0.1.tgz",
      "integrity": "sha1-Gpx0SCnznbuFjHbKNXmuKlTr0fo="
    },
    "object.pick": {
      "version": "https://registry.npmjs.org/object.pick/-/object.pick-1.2.0.tgz",
      "integrity": "sha1-tTkr7peC2m2ft9avr1OXefEjTCs="
    },
    "performance-now": {
      "version": "https://registry.npmjs.org/performance-now/-/performance-now-0.2.0.tgz",
      "integrity": "sha1-M+8wxcd9TqIcWlOGnZG1bY8lVeU="
    },
    "process-nextick-args": {
      "version": "https://registry.npmjs.org/process-nextick-args/-/process-nextick-args-1.0.7.tgz",
      "integrity": "sha1-FQ4gt1ZZCtP5EJPyWk8q2L/zC6M="
    },
    "punycode": {
      "version": "https://registry.npmjs.org/punycode/-/punycode-1.3.2.tgz",
      "integrity": "sha1-llOgNvt8HuQjQvIyXM7v6jkmxI0="
    },
    "qs": {
      "version": "https://registry.npmjs.org/qs/-/qs-6.4.0.tgz",
      "integrity": "sha1-E+JtKK1rD/qpExLNO/cI7TUecjM="
    },
    "querystring": {
      "version": "https://registry.npmjs.org/querystring/-/querystring-0.2.0.tgz",
      "integrity": "sha1-sgmEkgO7Jd+CDadW50cAWHhSFiA="
    },
    "readable-stream": {
      "version": "https://registry.npmjs.org/readable-stream/-/readable-stream-2.2.6.tgz",
      "integrity": "sha1-i0Ou125xSDk40SqNRsbPGgCx+BY="
    },
    "request": {
      "version": "https://registry.npmjs.org/request/-/request-2.81.0.tgz",
      "integrity": "sha1-xpKJRqDgbF+Nb4qTM0af/aRimKA="
    },
    "safe-buffer": {
      "version": "https://registry.npmjs.org/safe-buffer/-/safe-buffer-5.0.1.tgz",
      "integrity": "sha1-0mPKVGls2KMGtcplUekt5XkY++c="
    },
    "sax": {
      "version": "https://registry.npmjs.org/sax/-/sax-1.2.1.tgz",
      "integrity": "sha1-e45lYZCyKOgaZq6nSEgNgozS03o="
    },
    "snowboy": {
      "version": "https://registry.npmjs.org/snowboy/-/snowboy-1.2.0.tgz",
      "integrity": "sha1-BLaTM9Fd5ms1NyxpFqXEdz++zfI=",
      "dependencies": {
        "abbrev": {
          "version": "https://registry.npmjs.org/abbrev/-/abbrev-1.1.0.tgz",
          "integrity": "sha1-0FVMIlZjbi9W58LlrRg/hZQo2B8="
        },
        "ajv": {
          "version": "https://registry.npmjs.org/ajv/-/ajv-4.11.8.tgz",
          "integrity": "sha1-gv+wKynmYq5TvcIK8VlHcGc5xTY="
        },
        "ansi-regex": {
          "version": "https://registry.npmjs.org/ansi-regex/-/ansi-regex-2.1.1.tgz",
          "integrity": "sha1-w7M6te42DYbg5ijwRorn7yfWVN8="
        },
        "aproba": {
          "version": "https://registry.npmjs.org/aproba/-/aproba-1.1.1.tgz",
          "integrity": "sha1-ldNgDwdxCqDpKYxyatXs8urLq6s="
        },
        "are-we-there-yet": {
          "version": "https://registry.npmjs.org/are-we-there-yet/-/are-we-there-yet-1.1.4.tgz",
          "integrity": "sha1-u13KOCu5TwXhUZQ3PRb9O6HKEQ0="
        },
        "asn1": {
          "version": "https://registry.npmjs.org/asn1/-/asn1-0.2.3.tgz",
          "integrity": "sha1-2sh4dxPJlmhJ/IGAd36+nB3fO4Y="
        },
        "assert-plus": {
          "version": "https://registry.npmjs.org/assert-plus/-/assert-plus-0.2.0.tgz",
          "integrity": "sha1-104bh+ev/A24qttwIfP+SBAasjQ="
        },
        "asynckit": {
          "version": "https://registry.npmjs.org/asynckit/-/asynckit-0.4.0.tgz",
          "integrity": "sha1-x57Zf380y48robyXkLzDZkdLS3k="
        },
        "aws-sign2": {
          "version": "https://registry.npmjs.org/aws-sign2/-/aws-sign2-0.6.0.tgz",
          "integrity": "sha1-FDQt0428yU0OW4fXY81jYSwOeU8="
        },
        "aws4": {
          "version": "https://registry.npmjs.org/aws4/-/aws4-1.6.0.tgz",
          "integrity": "sha1-g+9cqGCysy5KDe7e6MdxudtXRx4="
        },
        "balanced-match": {
          "version": "https://registry.npmjs.org/balanced-match/-/balanced-match-0.4.2.tgz",
          "integrity": "sha1-yz8+PHMtwPAe5wtAPzAuYddwmDg="
        },
        "bcrypt-pbkdf": {
          "version": "https://registry.npmjs.org/bcrypt-pbkdf/-/bcrypt-pbkdf-1.0.1.tgz",
          "integrity": "sha1-Y7xdy2EzG5K8Bf1SiVPDNGKgb40=",
          "optional": true
        },
        "block-stream": {
          "version": "https://registry.npmjs.org/block-stream/-/block-stream-0.0.9.tgz",
          "integrity": "sha1-E+v+d4oDIFz+A3UUgeu0szAMEmo="
        },
        "boom": {
          "version": "https://registry.npmjs.org/boom/-/boom-2.10.1.tgz",
          "integrity": "sha1-OciRjO/1eZ+D+UkqhI9iWt0Mdm8="
        },
        "brace-expansion": {
          "version": "https://registry.npmjs.org/brace-expansion/-/brace-expansion-1.1.7.tgz",
          "integrity": "sha1-Pv/DxQ4ABTH7cg6v+A8K6O8jz1k="
        },
        "buffer-shims": {
          "version": "https://registry.npmjs.org/buffer-shims/-/buffer-shims-1.0.0.tgz",
          "integrity": "sha1-mXjOMXOIxkmth5MCjDR37wRKi1E="
        },
        "caseless": {
          "version": "https://registry.npmjs.org/caseless/-/caseless-0.12.0.tgz",
          "integrity": "sha1-G2gcIf+EAzyCZUMJBolCDRhxUdw="
        },
        "co": {
          "version": "https://registry.npmjs.org/co/-/co-4.6.0.tgz",
          "integrity": "sha1-bqa989hTrlTMuOR7+gvz+QMfsYQ="
        },
        "code-point-at": {
          "version": "https://registry.npmjs.org/code-point-at/-/code-point-at-1.1.0.tgz",
          "integrity": "sha1-DQcLTQQ6W+ozovGkDi7bPZpMz3c="
        },
        "combined-stream": {
          "version": "https://registry.npmjs.org/combined-stream/-/combined-stream-1.0.5.tgz",
          "integrity": "sha1-k4NwpXtKUd6ix3wV1cX9+JUWQAk="
        },
        "concat-map": {
          "version": "https://registry.npmjs.org/concat-map/-/concat-map-0.0.1.tgz",
          "integrity": "sha1-2Klr13/Wjfd5OnMDajug1UBdR3s="
        },
        "console-control-strings": {
          "version": "https://registry.npmjs.org/console-control-strings/-/console-control-strings-1.1.0.tgz",
          "integrity": "sha1-PXz0Rk22RG6mRL9LOVB/mFEAjo4="
        },
        "core-util-is": {
          "version": "https://registry.npmjs.org/core-util-is/-/core-util-is-1.0.2.tgz",
          "integrity": "sha1-tf1UIgqivFq1eqtxQMlAdUUDwac="
        },
        "cryptiles": {
          "version": "https://registry.npmjs.org/cryptiles/-/cryptiles-2.0.5.tgz",
          "integrity": "sha1-O9/s3GCBR8HGcgL6KR59ylnqo7g="
        },
        "dashdash": {
          "version": "https://registry.npmjs.org/dashdash/-/dashdash-1.14.1.tgz",
          "integrity": "sha1-hTz6D3y+L+1d4gMmuN1YEDX24vA=",
          "dependencies": {
            "assert-plus": {
              "version": "https://registry.npmjs.org/assert-plus/-/assert-plus-1.0.0.tgz",
              "integrity": "sha1-8S4PPF13sLHN2RRpQuTpbB5N1SU="
            }
          }
        },
        "debug": {
          "version": "https://registry.npmjs.org/debug/-/debug-2.6.6.tgz",
          "integrity": "sha1-qfpvvpykPPHnn3O3XAGJy7fW21o="
        },
        "deep-extend": {
          "version": "https://registry.npmjs.org/deep-extend/-/deep-extend-0.4.2.tgz",
          "integrity": "sha1-SLaZwn4zS/ifEIkr5DL25MfTSn8="
        },
        "delayed-stream": {
          "version": "https://registry.npmjs.org/delayed-stream/-/delayed-stream-1.0.0.tgz",
          "integrity": "sha1-3zrhmayt+31ECqrgsp4icrJOxhk="
        },
        "delegates": {
          "version": "https://registry.npmjs.org/delegates/-/delegates-1.0.0.tgz",
          "integrity": "sha1-hMbhWbgZBP3KWaDvRM2HDTElD5o="
        },
        "ecc-jsbn": {
          "version": "https://registry.npmjs.org/ecc-jsbn/-/ecc-jsbn-0.1.1.tgz",
          "integrity": "sha1-D8c6ntXw1Tw4GTOYUj735UN3dQU=",
          "optional": true
        },
        "extend": {
          "version": "https://registry.npmjs.org/extend/-/extend-3.0.1.tgz",
          "integrity": "sha1-p1Xqe8Gt/MWjHOfnYtuq3F5jZEQ="
        },
        "extsprintf": {
          "version": "https://registry.npmjs.org/extsprintf/-/extsprintf-1.0.2.tgz",
          "integrity": "sha1-4QgOBljjALBilJkMxw4VAiNf1VA="
        },
        "forever-agent": {
          "version": "https://registry.npmjs.org/forever-agent/-/forever-agent-0.6.1.tgz",
          "integrity": "sha1-+8cfDEGt6zf5bFd60e1C2P2sypE="
        },
        "form-data": {
          "version": "https://registry.npmjs.org/form-data/-/form-data-2.1.4.tgz",
          "integrity": "sha1-M8GDrPGTJ27KqYFDpp6Uv+4XUNE="
        },
        "fs.realpath": {
          "version": "https://registry.npmjs.org/fs.realpath/-/fs.realpath-1.0.0.tgz",
          "integrity": "sha1-FQStJSMVjKpA20onh8sBQRmU6k8="
        },
        "fstream": {
          "version": "https://registry.npmjs.org/fstream/-/fstream-1.0.11.tgz",
          "integrity": "sha1-XB+x8RdHcRTwYyoOtLcbPLD9MXE="
        },
        "fstream-ignore": {
          "version": "https://registry.npmjs.org/fstream-ignore/-/fstream-ignore-1.0.5.tgz",
          "integrity": "sha1-nDHa40dnAY/h0kmyTa2mfQktoQU="
        },
        "gauge": {
          "version": "https://registry.npmjs.org/gauge/-/gauge-2.7.4.tgz",
          "integrity": "sha1-LANAXHU4w51+s3sxcCLjJfsBi/c="
        },
        "getpass": {
          "version": "https://registry.npmjs.org/getpass/-/getpass-0.1.7.tgz",
          "integrity": "sha1-Xv+OPmhNVprkyysSgmBOi6YhSfo=",
          "dependencies": {
            "assert-plus": {
              "version": "https://registry.npmjs.org/assert-plus/-/assert-plus-1.0.0.tgz",
              "integrity": "sha1-8S4PPF13sLHN2RRpQuTpbB5N1SU="
            }
          }
        },
        "glob": {
          "version": "https://registry.npmjs.org/glob/-/glob-7.1.1.tgz",
          "integrity": "sha1-gFIR3wT6rxxjo2ADBs31reULLsg="
        },
        "graceful-fs": {
          "version": "https://registry.npmjs.org/graceful-fs/-/graceful-fs-4.1.11.tgz",
          "integrity": "sha1-Dovf5NHduIVNZOBOp8AOKgJuVlg="
        },
        "har-schema": {
          "version": "https://registry.npmjs.org/har-schema/-/har-schema-1.0.5.tgz",
          "integrity": "sha1-0mMTX0MwfALGAq/I/pWXDAFRNp4="
        },
        "har-validator": {
          "version": "https://registry.npmjs.org/har-validator/-/har-validator-4.2.1.tgz",
          "integrity": "sha1-M0gdDxu/9gDdID11gSpqX7oALio="
        },
        "has-unicode": {
          "version": "https://registry.npmjs.org/has-unicode/-/has-unicode-2.0.1.tgz",
          "integrity": "sha1-4Ob+aijPUROIVeCG0Wkedx3iqLk="
        },
        "hawk": {
          "version": "https://registry.npmjs.org/hawk/-/hawk-3.1.3.tgz",
          "integrity": "sha1-B4REvXwWQLD+VA0sm3PVlnjo4cQ="
        },
        "hoek": {
          "version": "https://registry.npmjs.org/hoek/-/hoek-2.16.3.tgz",
          "integrity": "sha1-ILt0A9POo5jpHcRxCo/xuCdKJe0="
        },
        "http-signature": {
          "version": "https://registry.npmjs.org/http-signature/-/http-signature-1.1.1.tgz",
          "integrity": "sha1-33LiZwZs0Kxn+3at+OE0qPvPkb8="
        },
        "inflight": {
          "version": "https://registry.npmjs.org/inflight/-/inflight-1.0.6.tgz",
          "integrity": "sha1-Sb1jMdfQLQwJvJEKEHW6gWW1bfk="
        },
        "inherits": {
          "version": "https://registry.npmjs.org/inherits/-/inherits-2.0.3.tgz",
          "integrity": "sha1-Yzwsg+PaQqUC9SRmAiSA9CCCYd4="
        },
        "ini": {
          "version": "https://registry.npmjs.org/ini/-/ini-1.3.4.tgz",
          "integrity": "sha1-BTfLedr1m1mhpRff9wbIbsA5Fi4="
        },
        "is-fullwidth-code-point": {
          "version": "https://registry.npmjs.org/is-fullwidth-code-point/-/is-fullwidth-code-point-1.0.0.tgz",
          "integrity": "sha1-754xOG8DGn8NZDr4L95QxFfvAMs="
        },
        "is-typedarray": {
          "version": "https://registry.npmjs.org/is-typedarray/-/is-typedarray-1.0.0.tgz",
          "integrity": "sha1-5HnICFjfDBsR3dppQPlgEfzaSpo="
        },
        "isarray": {
          "version": "https://registry.npmjs.org/isarray/-/isarray-1.0.0.tgz",
          "integrity": "sha1-u5NdSFgsuhaMBoNJV6VKPgcSTxE="
        },
        "isstream": {
          "version": "https://registry.npmjs.org/isstream/-/isstream-0.1.2.tgz",
          "integrity": "sha1-R+Y/evVa+m+S4VAOaQ64uFKcCZo="
        },
        "jodid25519": {
          "version": "https://registry.npmjs.org/jodid25519/-/jodid25519-1.0.2.tgz",
          "integrity": "sha1-BtSRIlUJNBlHfUJWM2BuDpB4KWc=",
          "optional": true
        },
        "jsbn": {
          "version": "https://registry.npmjs.org/jsbn/-/jsbn-0.1.1.tgz",
          "integrity": "sha1-peZUwuWi3rXyAdls77yoDA7y9RM=",
          "optional": true
        },
        "json-schema": {
          "version": "https://registry.npmjs.org/json-schema/-/json-schema-0.2.3.tgz",
          "integrity": "sha1-tIDIkuWaLwWVTOcnvT8qTogvnhM="
        },
        "json-stable-stringify": {
          "version": "https://registry.npmjs.org/json-stable-stringify/-/json-stable-stringify-1.0.1.tgz",
          "integrity": "sha1-mnWdOcXy/1A/1TAGRu1EX4jE+a8="
        },
        "json-stringify-safe": {
          "version": "https://registry.npmjs.org/json-stringify-safe/-/json-stringify-safe-5.0.1.tgz",
          "integrity": "sha1-Epai1Y/UXxmg9s4B1lcB4sc1tus="
        },
        "jsonify": {
          "version": "https://registry.npmjs.org/jsonify/-/jsonify-0.0.0.tgz",
          "integrity": "sha1-LHS27kHZPKUbe1qu6PUDYx0lKnM="
        },
        "jsprim": {
          "version": "https://registry.npmjs.org/jsprim/-/jsprim-1.4.0.tgz",
          "integrity": "sha1-o7h+QCmNjDgFUtjMdiigu5WiKRg=",
          "dependencies": {
            "assert-plus": {
              "version": "https://registry.npmjs.org/assert-plus/-/assert-plus-1.0.0.tgz",
              "integrity": "sha1-8S4PPF13sLHN2RRpQuTpbB5N1SU="
            }
          }
        },
        "mime-db": {
          "version": "https://registry.npmjs.org/mime-db/-/mime-db-1.27.0.tgz",
          "integrity": "sha1-gg9XIpa70g7CXtVeW13oaeVDbrE="
        },
        "mime-types": {
          "version": "https://registry.npmjs.org/mime-types/-/mime-types-2.1.15.tgz",
          "integrity": "sha1-pOv1BkCUVpI3uM9wBGd20J/JKu0="
        },
        "minimatch": {
          "version": "https://registry.npmjs.org/minimatch/-/minimatch-3.0.4.tgz",
          "integrity": "sha1-UWbihkV/AzBgZL5Ul+jbsMPTIIM="
        },
        "minimist": {
          "version": "https://registry.npmjs.org/minimist/-/minimist-0.0.8.tgz",
          "integrity": "sha1-hX/Kv8M5fSYluCKCYuhqp6ARsF0="
        },
        "mkdirp": {
          "version": "https://registry.npmjs.org/mkdirp/-/mkdirp-0.5.1.tgz",
          "integrity": "sha1-MAV0OOrGz3+MR2fzhkjWaX11yQM="
        },
        "ms": {
          "version": "https://registry.npmjs.org/ms/-/ms-0.7.3.tgz",
          "integrity": "sha1-cIFVpeROM/X9D8U+gdDUCpG+H/8="
        },
        "node-pre-gyp": {
          "version": "https://registry.npmjs.org/node-pre-gyp/-/node-pre-gyp-0.6.34.tgz",
          "integrity": "sha1-lK0ceYoR1/xnOBtQ1H+MwY2Xmfc="
        },
        "nopt": {
          "version": "https://registry.npmjs.org/nopt/-/nopt-4.0.1.tgz",
          "integrity": "sha1-0NRoWv1UFRk8jHUFYC0NF81kR00="
        },
        "npmlog": {
          "version": "https://registry.npmjs.org/npmlog/-/npmlog-4.1.0.tgz",
          "integrity": "sha1-3Fm+6F9k8A7UJO+yrweD3yXRwLU="
        },
        "number-is-nan": {
          "version": "https://registry.npmjs.org/number-is-nan/-/number-is-nan-1.0.1.tgz",
          "integrity": "sha1-CXtgK1NCKlIsGvuHkDGDNpQaAR0="
        },
        "oauth-sign": {
          "version": "https://registry.npmjs.org/oauth-sign/-/oauth-sign-0.8.2.tgz",
          "integrity": "sha1-Rqarfwrq2N6unsBWV4C31O/rnUM="
        },
        "object-assign": {
          "version": "https://registry.npmjs.org/object-assign/-/object-assign-4.1.1.tgz",
          "integrity": "sha1-IQmtx5ZYh8/AXLvUQsrIv7s2CGM="
        },
        "once": {
          "version": "https://registry.npmjs.org/once/-/once-1.4.0.tgz",
          "integrity": "sha1-WDsap3WWHUsROsF9nFC6753Xa9E="
        },
        "os-homedir": {
          "version": "https://registry.npmjs.org/os-homedir/-/os-homedir-1.0.2.tgz",
          "integrity": "sha1-/7xJiDNuDoM94MFox+8VISGqf7M="
        },
        "os-tmpdir": {
          "version": "https://registry.npmjs.org/os-tmpdir/-/os-tmpdir-1.0.2.tgz",
          "integrity": "sha1-u+Z0BseaqFxc/sdm/lc0VV36EnQ="
        },
        "osenv": {
          "version": "https://registry.npmjs.org/osenv/-/osenv-0.1.4.tgz",
          "integrity": "sha1-Qv5tWVPfBsgGS+bxdsPQWqqjRkQ="
        },
        "path-is-absolute": {
          "version": "https://registry.npmjs.org/path-is-absolute/-/path-is-absolute-1.0.1.tgz",
          "integrity": "sha1-F0uSaHNVNP+8es5r9TpanhtcX18="
        },
        "performance-now": {
          "version": "https://registry.npmjs.org/performance-now/-/performance-now-0.2.0.tgz",
          "integrity": "sha1-M+8wxcd9TqIcWlOGnZG1bY8lVeU="
        },
        "process-nextick-args": {
          "version": "https://registry.npmjs.org/process-nextick-args/-/process-nextick-args-1.0.7.tgz",
          "integrity": "sha1-FQ4gt1ZZCtP5EJPyWk8q2L/zC6M="
        },
        "punycode": {
          "version": "https://registry.npmjs.org/punycode/-/punycode-1.4.1.tgz",
          "integrity": "sha1-wNWmOycYgArY4esPpSachN1BhF4="
        },
        "qs": {
          "version": "https://registry.npmjs.org/qs/-/qs-6.4.0.tgz",
          "integrity": "sha1-E+JtKK1rD/qpExLNO/cI7TUecjM="
        },
        "rc": {
          "version": "https://registry.npmjs.org/rc/-/rc-1.2.1.tgz",
          "integrity": "sha1-LgPo5C7kULjLPc5lvhv4l04d/ZU=",
          "dependencies": {
            "minimist": {
              "version": "https://registry.npmjs.org/minimist/-/minimist-1.2.0.tgz",
              "integrity": "sha1-o1AIsg9BOD7sH7kU9M1d95omQoQ="
            }
          }
        },
        "readable-stream": {
          "version": "https://registry.npmjs.org/readable-stream/-/readable-stream-2.2.9.tgz",
          "integrity": "sha1-z3jsb0ptHrQ9JkiMrJfwQudLf8g="
        },
        "request": {
          "version": "https://registry.npmjs.org/request/-/request-2.81.0.tgz",
          "integrity": "sha1-xpKJRqDgbF+Nb4qTM0af/aRimKA="
        },
        "rimraf": {
          "version": "https://registry.npmjs.org/rimraf/-/rimraf-2.6.1.tgz",
          "integrity": "sha1-wjOOxkPfeht/5cVPqG9XQopV8z0="
        },
        "safe-buffer": {
          "version": "https://registry.npmjs.org/safe-buffer/-/safe-buffer-5.0.1.tgz",
          "integrity": "sha1-0mPKVGls2KMGtcplUekt5XkY++c="
        },
        "semver": {
          "version": "https://registry.npmjs.org/semver/-/semver-5.3.0.tgz",
          "integrity": "sha1-myzl094C0XxgEq0yaqa00M9U+U8="
        },
        "set-blocking": {
          "version": "https://registry.npmjs.org/set-blocking/-/set-blocking-2.0.0.tgz",
          "integrity": "sha1-BF+XgtARrppoA93TgrJDkrPYkPc="
        },
        "signal-exit": {
          "version": "https://registry.npmjs.org/signal-exit/-/signal-exit-3.0.2.tgz",
          "integrity": "sha1-tf3AjxKH6hF4Yo5BXiUTK3NkbG0="
        },
        "sntp": {
          "version": "https://registry.npmjs.org/sntp/-/sntp-1.0.9.tgz",
          "integrity": "sha1-ZUEYTMkK7qbG57NeJlkIJEPGYZg="
        },
        "sshpk": {
          "version": "https://registry.npmjs.org/sshpk/-/sshpk-1.13.0.tgz",
          "integrity": "sha1-/yo+T9BEl1Vf7Zezmg/YL6+zozw=",
          "dependencies": {
            "assert-plus": {
              "version": "https://registry.npmjs.org/assert-plus/-/assert-plus-1.0.0.tgz",
              "integrity": "sha1-8S4PPF13sLHN2RRpQuTpbB5N1SU="
            }
          }
        },
        "string_decoder": {
          "version": "https://registry.npmjs.org/string_decoder/-/string_decoder-1.0.0.tgz",
          "integrity": "sha1-8G9BFXtmTYYGn4S9vcmw2KsoFmc="
        },
        "string-width": {
          "version": "https://registry.npmjs.org/string-width/-/string-width-1.0.2.tgz",
          "integrity": "sha1-EYvfW4zcUaKn5w0hHgfisLmxB9M="
        },
        "stringstream": {
          "version": "https://registry.npmjs.org/stringstream/-/stringstream-0.0.5.tgz",
          "integrity": "sha1-TkhM1N5aC7vuGORjB3EKioFiGHg="
        },
        "strip-ansi": {
          "version": "https://registry.npmjs.org/strip-ansi/-/strip-ansi-3.0.1.tgz",
          "integrity": "sha1-ajhfuIU9lS1f8F0Oiq+UJ43GPc8="
        },
        "strip-json-comments": {
          "version": "https://registry.npmjs.org/strip-json-comments/-/strip-json-comments-2.0.1.tgz",
          "integrity": "sha1-PFMZQukIwml8DsNEhYwobHygpgo="
        },
        "tar": {
          "version": "https://registry.npmjs.org/tar/-/tar-2.2.1.tgz",
          "integrity": "sha1-jk0qJWwOIYXGsYrWlK7JaLg8sdE="
        },
        "tar-pack": {
          "version": "https://registry.npmjs.org/tar-pack/-/tar-pack-3.4.0.tgz",
          "integrity": "sha1-I74tf2cagzk3bL2wuP4/3r8xeYQ="
        },
        "tough-cookie": {
          "version": "https://registry.npmjs.org/tough-cookie/-/tough-cookie-2.3.2.tgz",
          "integrity": "sha1-8IH3bkyFcg5sN6X6ztc3FQ2EByo="
        },
        "tunnel-agent": {
          "version": "https://registry.npmjs.org/tunnel-agent/-/tunnel-agent-0.6.0.tgz",
          "integrity": "sha1-J6XeoGs2sEoKmWZ3SykIaPD8QP0="
        },
        "tweetnacl": {
          "version": "https://registry.npmjs.org/tweetnacl/-/tweetnacl-0.14.5.tgz",
          "integrity": "sha1-WuaBd/GS1EViadEIr6k/+HQ/T2Q=",
          "optional": true
        },
        "uid-number": {
          "version": "https://registry.npmjs.org/uid-number/-/uid-number-0.0.6.tgz",
          "integrity": "sha1-DqEOgDXo61uOREnwbaHHMGY7qoE="
        },
        "util-deprecate": {
          "version": "https://registry.npmjs.org/util-deprecate/-/util-deprecate-1.0.2.tgz",
          "integrity": "sha1-RQ1Nyfpw3nMnYvvS1KKJgUGaDM8="
        },
        "uuid": {
          "version": "https://registry.npmjs.org/uuid/-/uuid-3.0.1.tgz",
          "integrity": "sha1-ZUS7ot/ajBzxfmKaOjBeK7H+5sE="
        },
        "verror": {
          "version": "https://registry.npmjs.org/verror/-/verror-1.3.6.tgz",
          "integrity": "sha1-z/XfEpRtKX0rqu+qJoniW+AcAFw="
        },
        "wide-align": {
          "version": "https://registry.npmjs.org/wide-align/-/wide-align-1.1.2.tgz",
          "integrity": "sha1-Vx4PGwYEY268DfwhsDObvjE0FxA="
        },
        "wrappy": {
          "version": "https://registry.npmjs.org/wrappy/-/wrappy-1.0.2.tgz",
          "integrity": "sha1-tSQ9jz7BqjXxNkYFvA0QNuMKtp8="
        }
      }
    },
    "sntp": {
      "version": "https://registry.npmjs.org/sntp/-/sntp-1.0.9.tgz",
      "integrity": "sha1-ZUEYTMkK7qbG57NeJlkIJEPGYZg="
    },
    "solr-client": {
      "version": "https://registry.npmjs.org/solr-client/-/solr-client-0.7.0.tgz",
      "integrity": "sha1-uA/Mpsh3aD1XGLdaF3Jk8SIHt7g="
    },
    "speaker": {
      "version": "https://registry.npmjs.org/speaker/-/speaker-0.3.0.tgz",
      "integrity": "sha1-NuDuN+dPuI9+rZrJsfFRe5uC0lM="
    },
    "sshpk": {
      "version": "https://registry.npmjs.org/sshpk/-/sshpk-1.13.0.tgz",
      "integrity": "sha1-/yo+T9BEl1Vf7Zezmg/YL6+zozw=",
      "dependencies": {
        "assert-plus": {
          "version": "https://registry.npmjs.org/assert-plus/-/assert-plus-1.0.0.tgz",
          "integrity": "sha1-8S4PPF13sLHN2RRpQuTpbB5N1SU="
        }
      }
    },
    "string": {
      "version": "https://registry.npmjs.org/string/-/string-3.3.3.tgz",
      "integrity": "sha1-XqIRzZLSKOGEKUmQpsyXs2anfLA="
    },
    "string_decoder": {
      "version": "https://registry.npmjs.org/string_decoder/-/string_decoder-0.10.31.tgz",
      "integrity": "sha1-YuIDvEF2bGwoyfyEMB2rHFMQ+pQ="
    },
    "stringstream": {
      "version": "https://registry.npmjs.org/stringstream/-/stringstream-0.0.5.tgz",
      "integrity": "sha1-TkhM1N5aC7vuGORjB3EKioFiGHg="
    },
    "through": {
      "version": "https://registry.npmjs.org/through/-/through-2.3.8.tgz",
      "integrity": "sha1-DdTJ/6q8NXlgsbckEV1+Doai4fU="
    },
    "to-string-tag-x": {
      "version": "https://registry.npmjs.org/to-string-tag-x/-/to-string-tag-x-1.2.0.tgz",
      "integrity": "sha1-ItiGG+3eLbjxji2goAKoQ+VuATU="
    },
    "tough-cookie": {
      "version": "https://registry.npmjs.org/tough-cookie/-/tough-cookie-2.3.2.tgz",
      "integrity": "sha1-8IH3bkyFcg5sN6X6ztc3FQ2EByo=",
      "dependencies": {
        "punycode": {
          "version": "https://registry.npmjs.org/punycode/-/punycode-1.4.1.tgz",
          "integrity": "sha1-wNWmOycYgArY4esPpSachN1BhF4="
        }
      }
    },
    "tunnel-agent": {
      "version": "https://registry.npmjs.org/tunnel-agent/-/tunnel-agent-0.6.0.tgz",
      "integrity": "sha1-J6XeoGs2sEoKmWZ3SykIaPD8QP0="
    },
    "tweetnacl": {
      "version": "https://registry.npmjs.org/tweetnacl/-/tweetnacl-0.14.5.tgz",
      "integrity": "sha1-WuaBd/GS1EViadEIr6k/+HQ/T2Q=",
      "optional": true
    },
    "typedarray-to-buffer": {
      "version": "https://registry.npmjs.org/typedarray-to-buffer/-/typedarray-to-buffer-3.1.2.tgz",
      "integrity": "sha1-EBezLZhP9VbroQD1AViauhrOLgQ="
    },
    "url": {
      "version": "https://registry.npmjs.org/url/-/url-0.10.3.tgz",
      "integrity": "sha1-Ah5NnHcF8hu/N9A861h2dAJ3TGQ="
    },
    "util-deprecate": {
      "version": "https://registry.npmjs.org/util-deprecate/-/util-deprecate-1.0.2.tgz",
      "integrity": "sha1-RQ1Nyfpw3nMnYvvS1KKJgUGaDM8="
    },
    "uuid": {
      "version": "https://registry.npmjs.org/uuid/-/uuid-3.0.1.tgz",
      "integrity": "sha1-ZUS7ot/ajBzxfmKaOjBeK7H+5sE="
    },
    "validate.io-undefined": {
      "version": "https://registry.npmjs.org/validate.io-undefined/-/validate.io-undefined-1.0.3.tgz",
      "integrity": "sha1-fif8uzFbhB54JDQxiXZxkp4gt/Q="
    },
    "vcap_services": {
      "version": "https://registry.npmjs.org/vcap_services/-/vcap_services-0.3.4.tgz",
      "integrity": "sha1-FUv5QEAlEqzKI98iY/xg72aEWto="
    },
    "verror": {
      "version": "https://registry.npmjs.org/verror/-/verror-1.3.6.tgz",
      "integrity": "sha1-z/XfEpRtKX0rqu+qJoniW+AcAFw="
    },
    "watson-developer-cloud": {
      "version": "https://registry.npmjs.org/watson-developer-cloud/-/watson-developer-cloud-2.32.1.tgz",
      "integrity": "sha1-fSeZWBjzaJymjUlZuCqOkOlIWUE="
    },
    "websocket": {
      "version": "https://registry.npmjs.org/websocket/-/websocket-1.0.24.tgz",
      "integrity": "sha1-dJA+dfJUW2suHeFCW8HJBZF6GJA="
    },
    "xml2js": {
      "version": "https://registry.npmjs.org/xml2js/-/xml2js-0.4.17.tgz",
      "integrity": "sha1-F76T6q4/O3eTWceVtBlwWogX6Gg="
    },
    "xmlbuilder": {
      "version": "https://registry.npmjs.org/xmlbuilder/-/xmlbuilder-4.2.1.tgz",
      "integrity": "sha1-qlijBBoGb5DqoWwvU4n/GfP0YaU="
    },
    "yaeti": {
      "version": "https://registry.npmjs.org/yaeti/-/yaeti-0.0.6.tgz",
      "integrity": "sha1-8m9ITXJoTPQr7ft2lwqhYI+/lXc="
    }
  }
}
